
Microsoft Visual Studio Solution File, Format Version 12.00
# Visual Studio Version 17
VisualStudioVersion = 17.13.35818.85 d17.13
MinimumVisualStudioVersion = 10.0.40219.1
Project("{FAE04EC0-301F-11D3-BF4B-00C04F79EFBC}") = "5-exercise-email-validator", "5-exercise-email-validator.csproj", "{8EC65721-53C9-4C95-AA97-2966287D3BCC}"
EndProject
Global
	GlobalSection(SolutionConfigurationPlatforms) = preSolution
		Debug|Any CPU = Debug|Any CPU
		Release|Any CPU = Release|Any CPU
	EndGlobalSection
	GlobalSection(ProjectConfigurationPlatforms) = postSolution
		{8EC65721-53C9-4C95-AA97-2966287D3BCC}.Debug|Any CPU.ActiveCfg = Debug|Any CPU
		{8EC65721-53C9-4C95-AA97-2966287D3BCC}.Debug|Any CPU.Build.0 = Debug|Any CPU
		{8EC65721-53C9-4C95-AA97-2966287D3BCC}.Release|Any CPU.ActiveCfg = Release|Any CPU
		{8EC65721-53C9-4C95-AA97-2966287D3BCC}.Release|Any CPU.Build.0 = Release|Any CPU
	EndGlobalSection
	GlobalSection(SolutionProperties) = preSolution
		HideSolutionNode = FALSE
	EndGlobalSection
	GlobalSection(ExtensibilityGlobals) = postSolution
		SolutionGuid = {F6E4047A-A015-4FA9-80F5-D79DA03E730C}
	EndGlobalSection
EndGlobal
